
Microsoft Visual Studio Solution File, Format Version 12.00
# Visual Studio 15
VisualStudioVersion = 15.0.27428.2015
MinimumVisualStudioVersion = 10.0.40219.1
Project("{2150E333-8FDC-42A3-9474-1A3956D46DE8}") = "TestStuff", "TestStuff", "{37143CB9-412D-4C46-9BAE-67C98AA26B3D}"
EndProject
Project("{2150E333-8FDC-42A3-9474-1A3956D46DE8}") = "_Infrastructure", "_Infrastructure", "{EED4EB24-FED4-444B-81BC-C81F960D6290}"
EndProject
Project("{2150E333-8FDC-42A3-9474-1A3956D46DE8}") = "_", "_", "{83670A36-BE58-46F1-86CA-04BDE877CC20}"
	ProjectSection(SolutionItems) = preProject
		_Arc.ps1 = _Arc.ps1
		_Clean.ps1 = _Clean.ps1
		_Rebuild.ps1 = _Rebuild.ps1
		_Test.ps1 = _Test.ps1
	EndProjectSection
EndProject
Project("{FAE04EC0-301F-11D3-BF4B-00C04F79EFBC}") = "Infrastructure.Base", "..\_Infrastructure\Base\Infrastructure.Base.csproj", "{30927C96-7054-49E3-8A35-90C3AED782BF}"
EndProject
Project("{FAE04EC0-301F-11D3-BF4B-00C04F79EFBC}") = "Infrastructure.Testing", "..\_Infrastructure\Testing\Infrastructure.Testing.csproj", "{11FFA35B-C262-4D76-9C46-BB34474D000B}"
EndProject
Project("{FAE04EC0-301F-11D3-BF4B-00C04F79EFBC}") = "Infrastructure.WinForms", "..\_Infrastructure\WinForms\Infrastructure.WinForms.csproj", "{3A855739-3B63-4646-8F00-19739D435E22}"
EndProject
Project("{FAE04EC0-301F-11D3-BF4B-00C04F79EFBC}") = "AssemblyPacker.WinFormsApp", "WinFormsApp\AssemblyPacker.WinFormsApp.csproj", "{5A41BA91-D638-41EA-ADB2-9F36F12ECE11}"
EndProject
Project("{FAE04EC0-301F-11D3-BF4B-00C04F79EFBC}") = "AssemblyPacker.Core", "Core\AssemblyPacker.Core.csproj", "{242D7C22-BC60-478C-9B69-5C6B6F5577B3}"
EndProject
Project("{FAE04EC0-301F-11D3-BF4B-00C04F79EFBC}") = "AssemblyPacker.CmdLineApp", "CmdLineApp\AssemblyPacker.CmdLineApp.csproj", "{0919FD08-10E3-4780-8B1C-6DBE018A5D46}"
EndProject
Project("{FAE04EC0-301F-11D3-BF4B-00C04F79EFBC}") = "ConsoleApplication1", "TestStuff\ConsoleApplication1\ConsoleApplication1.csproj", "{CE0A29EB-7D5B-495B-BDB9-AA76D6CD217B}"
EndProject
Project("{FAE04EC0-301F-11D3-BF4B-00C04F79EFBC}") = "WindowsFormsApplication1", "TestStuff\WindowsFormsApplication1\WindowsFormsApplication1.csproj", "{BE024FF3-A2C3-4CE2-A9D4-96CA84907CC7}"
EndProject
Project("{FAE04EC0-301F-11D3-BF4B-00C04F79EFBC}") = "ClassLibrary1", "TestStuff\ClassLibrary1\ClassLibrary1.csproj", "{6E466E77-7993-401E-9E84-683BD30D3A1B}"
EndProject
Project("{FAE04EC0-301F-11D3-BF4B-00C04F79EFBC}") = "AssemblyPacker.Core.Tests", "Core.Tests\AssemblyPacker.Core.Tests.csproj", "{89309616-DA6C-4FC3-B7A5-BECEA0F70287}"
	ProjectSection(ProjectDependencies) = postProject
		{6D735E58-7491-4507-A949-6160A8C4AFFA} = {6D735E58-7491-4507-A949-6160A8C4AFFA}
		{6E466E77-7993-401E-9E84-683BD30D3A1B} = {6E466E77-7993-401E-9E84-683BD30D3A1B}
		{BAE48287-EA4D-47C8-90D7-BEEFDCEF6603} = {BAE48287-EA4D-47C8-90D7-BEEFDCEF6603}
		{AEF8ED9A-CC35-4E62-8F30-A6657247E973} = {AEF8ED9A-CC35-4E62-8F30-A6657247E973}
		{CE0A29EB-7D5B-495B-BDB9-AA76D6CD217B} = {CE0A29EB-7D5B-495B-BDB9-AA76D6CD217B}
		{BE024FF3-A2C3-4CE2-A9D4-96CA84907CC7} = {BE024FF3-A2C3-4CE2-A9D4-96CA84907CC7}
	EndProjectSection
EndProject
Project("{FAE04EC0-301F-11D3-BF4B-00C04F79EFBC}") = "ClassLibrary2", "TestStuff\ClassLibrary2\ClassLibrary2.csproj", "{6D735E58-7491-4507-A949-6160A8C4AFFA}"
EndProject
Project("{FAE04EC0-301F-11D3-BF4B-00C04F79EFBC}") = "AssemblyPacker.IconExtractor", "IconExtractor\AssemblyPacker.IconExtractor.csproj", "{45823410-176B-4E6D-9ECF-40572A9A7010}"
EndProject
Project("{FAE04EC0-301F-11D3-BF4B-00C04F79EFBC}") = "AssemblyPacker.Interface", "Interface\AssemblyPacker.Interface.csproj", "{33C938CE-853F-4777-B38A-2F5B9DD82F4D}"
EndProject
Project("{FAE04EC0-301F-11D3-BF4B-00C04F79EFBC}") = "AssemblyPacker.WinFormsApp.Tests", "WinFormsApp.Tests\AssemblyPacker.WinFormsApp.Tests.csproj", "{2B75E287-8663-48AF-96F2-6652B87AA871}"
	ProjectSection(ProjectDependencies) = postProject
		{5A41BA91-D638-41EA-ADB2-9F36F12ECE11} = {5A41BA91-D638-41EA-ADB2-9F36F12ECE11}
	EndProjectSection
EndProject
Project("{FAE04EC0-301F-11D3-BF4B-00C04F79EFBC}") = "AssemblyPacker.AllTests", "AllTests\AssemblyPacker.AllTests.csproj", "{94980249-B453-43CE-8CDF-FFDC0429DB0F}"
	ProjectSection(ProjectDependencies) = postProject
		{89309616-DA6C-4FC3-B7A5-BECEA0F70287} = {89309616-DA6C-4FC3-B7A5-BECEA0F70287}
		{2B75E287-8663-48AF-96F2-6652B87AA871} = {2B75E287-8663-48AF-96F2-6652B87AA871}
		{88ABD89A-0949-415B-B48A-35FCD7E8A2B3} = {88ABD89A-0949-415B-B48A-35FCD7E8A2B3}
	EndProjectSection
EndProject
Project("{FAE04EC0-301F-11D3-BF4B-00C04F79EFBC}") = "AssemblyPacker.CmdLineApp.Tests", "CmdLineApp.Tests\AssemblyPacker.CmdLineApp.Tests.csproj", "{88ABD89A-0949-415B-B48A-35FCD7E8A2B3}"
	ProjectSection(ProjectDependencies) = postProject
		{6D735E58-7491-4507-A949-6160A8C4AFFA} = {6D735E58-7491-4507-A949-6160A8C4AFFA}
		{6E466E77-7993-401E-9E84-683BD30D3A1B} = {6E466E77-7993-401E-9E84-683BD30D3A1B}
		{BAE48287-EA4D-47C8-90D7-BEEFDCEF6603} = {BAE48287-EA4D-47C8-90D7-BEEFDCEF6603}
		{AEF8ED9A-CC35-4E62-8F30-A6657247E973} = {AEF8ED9A-CC35-4E62-8F30-A6657247E973}
		{CE0A29EB-7D5B-495B-BDB9-AA76D6CD217B} = {CE0A29EB-7D5B-495B-BDB9-AA76D6CD217B}
		{BE024FF3-A2C3-4CE2-A9D4-96CA84907CC7} = {BE024FF3-A2C3-4CE2-A9D4-96CA84907CC7}
	EndProjectSection
EndProject
Project("{FAE04EC0-301F-11D3-BF4B-00C04F79EFBC}") = "WindowsService0", "TestStuff\WindowsService0\WindowsService0.csproj", "{BAE48287-EA4D-47C8-90D7-BEEFDCEF6603}"
EndProject
Project("{FAE04EC0-301F-11D3-BF4B-00C04F79EFBC}") = "Infrastructure.WindowsService", "..\_Infrastructure\WindowsService\Infrastructure.WindowsService.csproj", "{9B76ADAB-4EB8-4E02-996D-924D6003E014}"
EndProject
Project("{FAE04EC0-301F-11D3-BF4B-00C04F79EFBC}") = "ClassLibrary3", "TestStuff\ClassLibrary3\ClassLibrary3.csproj", "{AEF8ED9A-CC35-4E62-8F30-A6657247E973}"
EndProject
Project("{FAE04EC0-301F-11D3-BF4B-00C04F79EFBC}") = "Infrastructure.Wcf", "..\_Infrastructure\Wcf\Infrastructure.Wcf.csproj", "{ECB0A332-9889-4671-A5C9-31B687F129A1}"
EndProject
Project("{FAE04EC0-301F-11D3-BF4B-00C04F79EFBC}") = "PackedAssemblyCode", "TestStuff\PackedAssemblyCode\PackedAssemblyCode.csproj", "{D82F6A13-8039-4CB0-8330-1E3549314CE9}"
EndProject
Project("{FAE04EC0-301F-11D3-BF4B-00C04F79EFBC}") = "WpfApp", "TestStuff\WpfApp\WpfApp.csproj", "{CA36373C-C922-4EA1-BAE9-4E14AC606647}"
EndProject
Project("{FAE04EC0-301F-11D3-BF4B-00C04F79EFBC}") = "Infrastructure.Wpf", "..\_Infrastructure\Wpf\Infrastructure.Wpf.csproj", "{25BDDEAA-173D-439A-9950-9CE75893787F}"
EndProject
Global
	GlobalSection(SolutionConfigurationPlatforms) = preSolution
		Debug|Any CPU = Debug|Any CPU
		Dev|Any CPU = Dev|Any CPU
		Release|Any CPU = Release|Any CPU
		Test|Any CPU = Test|Any CPU
	EndGlobalSection
	GlobalSection(ProjectConfigurationPlatforms) = postSolution
		{30927C96-7054-49E3-8A35-90C3AED782BF}.Debug|Any CPU.ActiveCfg = Debug|Any CPU
		{30927C96-7054-49E3-8A35-90C3AED782BF}.Debug|Any CPU.Build.0 = Debug|Any CPU
		{30927C96-7054-49E3-8A35-90C3AED782BF}.Dev|Any CPU.ActiveCfg = Debug|Any CPU
		{30927C96-7054-49E3-8A35-90C3AED782BF}.Dev|Any CPU.Build.0 = Debug|Any CPU
		{30927C96-7054-49E3-8A35-90C3AED782BF}.Release|Any CPU.ActiveCfg = Release|Any CPU
		{30927C96-7054-49E3-8A35-90C3AED782BF}.Release|Any CPU.Build.0 = Release|Any CPU
		{30927C96-7054-49E3-8A35-90C3AED782BF}.Test|Any CPU.ActiveCfg = Release|Any CPU
		{30927C96-7054-49E3-8A35-90C3AED782BF}.Test|Any CPU.Build.0 = Release|Any CPU
		{11FFA35B-C262-4D76-9C46-BB34474D000B}.Debug|Any CPU.ActiveCfg = Debug|Any CPU
		{11FFA35B-C262-4D76-9C46-BB34474D000B}.Debug|Any CPU.Build.0 = Debug|Any CPU
		{11FFA35B-C262-4D76-9C46-BB34474D000B}.Dev|Any CPU.ActiveCfg = Debug|Any CPU
		{11FFA35B-C262-4D76-9C46-BB34474D000B}.Dev|Any CPU.Build.0 = Debug|Any CPU
		{11FFA35B-C262-4D76-9C46-BB34474D000B}.Release|Any CPU.ActiveCfg = Release|Any CPU
		{11FFA35B-C262-4D76-9C46-BB34474D000B}.Release|Any CPU.Build.0 = Release|Any CPU
		{11FFA35B-C262-4D76-9C46-BB34474D000B}.Test|Any CPU.ActiveCfg = Release|Any CPU
		{11FFA35B-C262-4D76-9C46-BB34474D000B}.Test|Any CPU.Build.0 = Release|Any CPU
		{3A855739-3B63-4646-8F00-19739D435E22}.Debug|Any CPU.ActiveCfg = Debug|Any CPU
		{3A855739-3B63-4646-8F00-19739D435E22}.Debug|Any CPU.Build.0 = Debug|Any CPU
		{3A855739-3B63-4646-8F00-19739D435E22}.Dev|Any CPU.ActiveCfg = Dev|Any CPU
		{3A855739-3B63-4646-8F00-19739D435E22}.Dev|Any CPU.Build.0 = Dev|Any CPU
		{3A855739-3B63-4646-8F00-19739D435E22}.Release|Any CPU.ActiveCfg = Release|Any CPU
		{3A855739-3B63-4646-8F00-19739D435E22}.Release|Any CPU.Build.0 = Release|Any CPU
		{3A855739-3B63-4646-8F00-19739D435E22}.Test|Any CPU.ActiveCfg = Test|Any CPU
		{3A855739-3B63-4646-8F00-19739D435E22}.Test|Any CPU.Build.0 = Test|Any CPU
		{5A41BA91-D638-41EA-ADB2-9F36F12ECE11}.Debug|Any CPU.ActiveCfg = Debug|Any CPU
		{5A41BA91-D638-41EA-ADB2-9F36F12ECE11}.Debug|Any CPU.Build.0 = Debug|Any CPU
		{5A41BA91-D638-41EA-ADB2-9F36F12ECE11}.Dev|Any CPU.ActiveCfg = Debug|Any CPU
		{5A41BA91-D638-41EA-ADB2-9F36F12ECE11}.Dev|Any CPU.Build.0 = Debug|Any CPU
		{5A41BA91-D638-41EA-ADB2-9F36F12ECE11}.Release|Any CPU.ActiveCfg = Release|Any CPU
		{5A41BA91-D638-41EA-ADB2-9F36F12ECE11}.Release|Any CPU.Build.0 = Release|Any CPU
		{5A41BA91-D638-41EA-ADB2-9F36F12ECE11}.Test|Any CPU.ActiveCfg = Release|Any CPU
		{5A41BA91-D638-41EA-ADB2-9F36F12ECE11}.Test|Any CPU.Build.0 = Release|Any CPU
		{242D7C22-BC60-478C-9B69-5C6B6F5577B3}.Debug|Any CPU.ActiveCfg = Debug|Any CPU
		{242D7C22-BC60-478C-9B69-5C6B6F5577B3}.Debug|Any CPU.Build.0 = Debug|Any CPU
		{242D7C22-BC60-478C-9B69-5C6B6F5577B3}.Dev|Any CPU.ActiveCfg = Debug|Any CPU
		{242D7C22-BC60-478C-9B69-5C6B6F5577B3}.Dev|Any CPU.Build.0 = Debug|Any CPU
		{242D7C22-BC60-478C-9B69-5C6B6F5577B3}.Release|Any CPU.ActiveCfg = Release|Any CPU
		{242D7C22-BC60-478C-9B69-5C6B6F5577B3}.Release|Any CPU.Build.0 = Release|Any CPU
		{242D7C22-BC60-478C-9B69-5C6B6F5577B3}.Test|Any CPU.ActiveCfg = Release|Any CPU
		{242D7C22-BC60-478C-9B69-5C6B6F5577B3}.Test|Any CPU.Build.0 = Release|Any CPU
		{0919FD08-10E3-4780-8B1C-6DBE018A5D46}.Debug|Any CPU.ActiveCfg = Debug|Any CPU
		{0919FD08-10E3-4780-8B1C-6DBE018A5D46}.Debug|Any CPU.Build.0 = Debug|Any CPU
		{0919FD08-10E3-4780-8B1C-6DBE018A5D46}.Dev|Any CPU.ActiveCfg = Debug|Any CPU
		{0919FD08-10E3-4780-8B1C-6DBE018A5D46}.Dev|Any CPU.Build.0 = Debug|Any CPU
		{0919FD08-10E3-4780-8B1C-6DBE018A5D46}.Release|Any CPU.ActiveCfg = Release|Any CPU
		{0919FD08-10E3-4780-8B1C-6DBE018A5D46}.Release|Any CPU.Build.0 = Release|Any CPU
		{0919FD08-10E3-4780-8B1C-6DBE018A5D46}.Test|Any CPU.ActiveCfg = Release|Any CPU
		{0919FD08-10E3-4780-8B1C-6DBE018A5D46}.Test|Any CPU.Build.0 = Release|Any CPU
		{CE0A29EB-7D5B-495B-BDB9-AA76D6CD217B}.Debug|Any CPU.ActiveCfg = Debug|Any CPU
		{CE0A29EB-7D5B-495B-BDB9-AA76D6CD217B}.Debug|Any CPU.Build.0 = Debug|Any CPU
		{CE0A29EB-7D5B-495B-BDB9-AA76D6CD217B}.Dev|Any CPU.ActiveCfg = Debug|Any CPU
		{CE0A29EB-7D5B-495B-BDB9-AA76D6CD217B}.Dev|Any CPU.Build.0 = Debug|Any CPU
		{CE0A29EB-7D5B-495B-BDB9-AA76D6CD217B}.Release|Any CPU.ActiveCfg = Release|Any CPU
		{CE0A29EB-7D5B-495B-BDB9-AA76D6CD217B}.Release|Any CPU.Build.0 = Release|Any CPU
		{CE0A29EB-7D5B-495B-BDB9-AA76D6CD217B}.Test|Any CPU.ActiveCfg = Release|Any CPU
		{CE0A29EB-7D5B-495B-BDB9-AA76D6CD217B}.Test|Any CPU.Build.0 = Release|Any CPU
		{BE024FF3-A2C3-4CE2-A9D4-96CA84907CC7}.Debug|Any CPU.ActiveCfg = Debug|Any CPU
		{BE024FF3-A2C3-4CE2-A9D4-96CA84907CC7}.Debug|Any CPU.Build.0 = Debug|Any CPU
		{BE024FF3-A2C3-4CE2-A9D4-96CA84907CC7}.Dev|Any CPU.ActiveCfg = Debug|Any CPU
		{BE024FF3-A2C3-4CE2-A9D4-96CA84907CC7}.Dev|Any CPU.Build.0 = Debug|Any CPU
		{BE024FF3-A2C3-4CE2-A9D4-96CA84907CC7}.Release|Any CPU.ActiveCfg = Release|Any CPU
		{BE024FF3-A2C3-4CE2-A9D4-96CA84907CC7}.Release|Any CPU.Build.0 = Release|Any CPU
		{BE024FF3-A2C3-4CE2-A9D4-96CA84907CC7}.Test|Any CPU.ActiveCfg = Release|Any CPU
		{BE024FF3-A2C3-4CE2-A9D4-96CA84907CC7}.Test|Any CPU.Build.0 = Release|Any CPU
		{6E466E77-7993-401E-9E84-683BD30D3A1B}.Debug|Any CPU.ActiveCfg = Debug|Any CPU
		{6E466E77-7993-401E-9E84-683BD30D3A1B}.Debug|Any CPU.Build.0 = Debug|Any CPU
		{6E466E77-7993-401E-9E84-683BD30D3A1B}.Dev|Any CPU.ActiveCfg = Debug|Any CPU
		{6E466E77-7993-401E-9E84-683BD30D3A1B}.Dev|Any CPU.Build.0 = Debug|Any CPU
		{6E466E77-7993-401E-9E84-683BD30D3A1B}.Release|Any CPU.ActiveCfg = Release|Any CPU
		{6E466E77-7993-401E-9E84-683BD30D3A1B}.Release|Any CPU.Build.0 = Release|Any CPU
		{6E466E77-7993-401E-9E84-683BD30D3A1B}.Test|Any CPU.ActiveCfg = Release|Any CPU
		{6E466E77-7993-401E-9E84-683BD30D3A1B}.Test|Any CPU.Build.0 = Release|Any CPU
		{89309616-DA6C-4FC3-B7A5-BECEA0F70287}.Debug|Any CPU.ActiveCfg = Debug|Any CPU
		{89309616-DA6C-4FC3-B7A5-BECEA0F70287}.Debug|Any CPU.Build.0 = Debug|Any CPU
		{89309616-DA6C-4FC3-B7A5-BECEA0F70287}.Dev|Any CPU.ActiveCfg = Debug|Any CPU
		{89309616-DA6C-4FC3-B7A5-BECEA0F70287}.Dev|Any CPU.Build.0 = Debug|Any CPU
		{89309616-DA6C-4FC3-B7A5-BECEA0F70287}.Release|Any CPU.ActiveCfg = Release|Any CPU
		{89309616-DA6C-4FC3-B7A5-BECEA0F70287}.Release|Any CPU.Build.0 = Release|Any CPU
		{89309616-DA6C-4FC3-B7A5-BECEA0F70287}.Test|Any CPU.ActiveCfg = Release|Any CPU
		{89309616-DA6C-4FC3-B7A5-BECEA0F70287}.Test|Any CPU.Build.0 = Release|Any CPU
		{6D735E58-7491-4507-A949-6160A8C4AFFA}.Debug|Any CPU.ActiveCfg = Debug|Any CPU
		{6D735E58-7491-4507-A949-6160A8C4AFFA}.Debug|Any CPU.Build.0 = Debug|Any CPU
		{6D735E58-7491-4507-A949-6160A8C4AFFA}.Dev|Any CPU.ActiveCfg = Debug|Any CPU
		{6D735E58-7491-4507-A949-6160A8C4AFFA}.Dev|Any CPU.Build.0 = Debug|Any CPU
		{6D735E58-7491-4507-A949-6160A8C4AFFA}.Release|Any CPU.ActiveCfg = Release|Any CPU
		{6D735E58-7491-4507-A949-6160A8C4AFFA}.Release|Any CPU.Build.0 = Release|Any CPU
		{6D735E58-7491-4507-A949-6160A8C4AFFA}.Test|Any CPU.ActiveCfg = Release|Any CPU
		{6D735E58-7491-4507-A949-6160A8C4AFFA}.Test|Any CPU.Build.0 = Release|Any CPU
		{45823410-176B-4E6D-9ECF-40572A9A7010}.Debug|Any CPU.ActiveCfg = Debug|Any CPU
		{45823410-176B-4E6D-9ECF-40572A9A7010}.Debug|Any CPU.Build.0 = Debug|Any CPU
		{45823410-176B-4E6D-9ECF-40572A9A7010}.Dev|Any CPU.ActiveCfg = Debug|Any CPU
		{45823410-176B-4E6D-9ECF-40572A9A7010}.Dev|Any CPU.Build.0 = Debug|Any CPU
		{45823410-176B-4E6D-9ECF-40572A9A7010}.Release|Any CPU.ActiveCfg = Release|Any CPU
		{45823410-176B-4E6D-9ECF-40572A9A7010}.Release|Any CPU.Build.0 = Release|Any CPU
		{45823410-176B-4E6D-9ECF-40572A9A7010}.Test|Any CPU.ActiveCfg = Release|Any CPU
		{45823410-176B-4E6D-9ECF-40572A9A7010}.Test|Any CPU.Build.0 = Release|Any CPU
		{33C938CE-853F-4777-B38A-2F5B9DD82F4D}.Debug|Any CPU.ActiveCfg = Debug|Any CPU
		{33C938CE-853F-4777-B38A-2F5B9DD82F4D}.Debug|Any CPU.Build.0 = Debug|Any CPU
		{33C938CE-853F-4777-B38A-2F5B9DD82F4D}.Dev|Any CPU.ActiveCfg = Debug|Any CPU
		{33C938CE-853F-4777-B38A-2F5B9DD82F4D}.Dev|Any CPU.Build.0 = Debug|Any CPU
		{33C938CE-853F-4777-B38A-2F5B9DD82F4D}.Release|Any CPU.ActiveCfg = Release|Any CPU
		{33C938CE-853F-4777-B38A-2F5B9DD82F4D}.Release|Any CPU.Build.0 = Release|Any CPU
		{33C938CE-853F-4777-B38A-2F5B9DD82F4D}.Test|Any CPU.ActiveCfg = Release|Any CPU
		{33C938CE-853F-4777-B38A-2F5B9DD82F4D}.Test|Any CPU.Build.0 = Release|Any CPU
		{2B75E287-8663-48AF-96F2-6652B87AA871}.Debug|Any CPU.ActiveCfg = Debug|Any CPU
		{2B75E287-8663-48AF-96F2-6652B87AA871}.Debug|Any CPU.Build.0 = Debug|Any CPU
		{2B75E287-8663-48AF-96F2-6652B87AA871}.Dev|Any CPU.ActiveCfg = Debug|Any CPU
		{2B75E287-8663-48AF-96F2-6652B87AA871}.Dev|Any CPU.Build.0 = Debug|Any CPU
		{2B75E287-8663-48AF-96F2-6652B87AA871}.Release|Any CPU.ActiveCfg = Release|Any CPU
		{2B75E287-8663-48AF-96F2-6652B87AA871}.Release|Any CPU.Build.0 = Release|Any CPU
		{2B75E287-8663-48AF-96F2-6652B87AA871}.Test|Any CPU.ActiveCfg = Release|Any CPU
		{2B75E287-8663-48AF-96F2-6652B87AA871}.Test|Any CPU.Build.0 = Release|Any CPU
		{94980249-B453-43CE-8CDF-FFDC0429DB0F}.Debug|Any CPU.ActiveCfg = Debug|Any CPU
		{94980249-B453-43CE-8CDF-FFDC0429DB0F}.Debug|Any CPU.Build.0 = Debug|Any CPU
		{94980249-B453-43CE-8CDF-FFDC0429DB0F}.Dev|Any CPU.ActiveCfg = Debug|Any CPU
		{94980249-B453-43CE-8CDF-FFDC0429DB0F}.Dev|Any CPU.Build.0 = Debug|Any CPU
		{94980249-B453-43CE-8CDF-FFDC0429DB0F}.Release|Any CPU.ActiveCfg = Release|Any CPU
		{94980249-B453-43CE-8CDF-FFDC0429DB0F}.Release|Any CPU.Build.0 = Release|Any CPU
		{94980249-B453-43CE-8CDF-FFDC0429DB0F}.Test|Any CPU.ActiveCfg = Release|Any CPU
		{94980249-B453-43CE-8CDF-FFDC0429DB0F}.Test|Any CPU.Build.0 = Release|Any CPU
		{88ABD89A-0949-415B-B48A-35FCD7E8A2B3}.Debug|Any CPU.ActiveCfg = Debug|Any CPU
		{88ABD89A-0949-415B-B48A-35FCD7E8A2B3}.Debug|Any CPU.Build.0 = Debug|Any CPU
		{88ABD89A-0949-415B-B48A-35FCD7E8A2B3}.Dev|Any CPU.ActiveCfg = Debug|Any CPU
		{88ABD89A-0949-415B-B48A-35FCD7E8A2B3}.Dev|Any CPU.Build.0 = Debug|Any CPU
		{88ABD89A-0949-415B-B48A-35FCD7E8A2B3}.Release|Any CPU.ActiveCfg = Release|Any CPU
		{88ABD89A-0949-415B-B48A-35FCD7E8A2B3}.Release|Any CPU.Build.0 = Release|Any CPU
		{88ABD89A-0949-415B-B48A-35FCD7E8A2B3}.Test|Any CPU.ActiveCfg = Release|Any CPU
		{88ABD89A-0949-415B-B48A-35FCD7E8A2B3}.Test|Any CPU.Build.0 = Release|Any CPU
		{BAE48287-EA4D-47C8-90D7-BEEFDCEF6603}.Debug|Any CPU.ActiveCfg = Debug|Any CPU
		{BAE48287-EA4D-47C8-90D7-BEEFDCEF6603}.Debug|Any CPU.Build.0 = Debug|Any CPU
		{BAE48287-EA4D-47C8-90D7-BEEFDCEF6603}.Dev|Any CPU.ActiveCfg = Debug|Any CPU
		{BAE48287-EA4D-47C8-90D7-BEEFDCEF6603}.Dev|Any CPU.Build.0 = Debug|Any CPU
		{BAE48287-EA4D-47C8-90D7-BEEFDCEF6603}.Release|Any CPU.ActiveCfg = Release|Any CPU
		{BAE48287-EA4D-47C8-90D7-BEEFDCEF6603}.Release|Any CPU.Build.0 = Release|Any CPU
		{BAE48287-EA4D-47C8-90D7-BEEFDCEF6603}.Test|Any CPU.ActiveCfg = Release|Any CPU
		{BAE48287-EA4D-47C8-90D7-BEEFDCEF6603}.Test|Any CPU.Build.0 = Release|Any CPU
		{9B76ADAB-4EB8-4E02-996D-924D6003E014}.Debug|Any CPU.ActiveCfg = Debug|Any CPU
		{9B76ADAB-4EB8-4E02-996D-924D6003E014}.Debug|Any CPU.Build.0 = Debug|Any CPU
		{9B76ADAB-4EB8-4E02-996D-924D6003E014}.Dev|Any CPU.ActiveCfg = Debug|Any CPU
		{9B76ADAB-4EB8-4E02-996D-924D6003E014}.Dev|Any CPU.Build.0 = Debug|Any CPU
		{9B76ADAB-4EB8-4E02-996D-924D6003E014}.Release|Any CPU.ActiveCfg = Release|Any CPU
		{9B76ADAB-4EB8-4E02-996D-924D6003E014}.Release|Any CPU.Build.0 = Release|Any CPU
		{9B76ADAB-4EB8-4E02-996D-924D6003E014}.Test|Any CPU.ActiveCfg = Release|Any CPU
		{9B76ADAB-4EB8-4E02-996D-924D6003E014}.Test|Any CPU.Build.0 = Release|Any CPU
		{AEF8ED9A-CC35-4E62-8F30-A6657247E973}.Debug|Any CPU.ActiveCfg = Debug|Any CPU
		{AEF8ED9A-CC35-4E62-8F30-A6657247E973}.Debug|Any CPU.Build.0 = Debug|Any CPU
		{AEF8ED9A-CC35-4E62-8F30-A6657247E973}.Dev|Any CPU.ActiveCfg = Debug|Any CPU
		{AEF8ED9A-CC35-4E62-8F30-A6657247E973}.Dev|Any CPU.Build.0 = Debug|Any CPU
		{AEF8ED9A-CC35-4E62-8F30-A6657247E973}.Release|Any CPU.ActiveCfg = Release|Any CPU
		{AEF8ED9A-CC35-4E62-8F30-A6657247E973}.Release|Any CPU.Build.0 = Release|Any CPU
		{AEF8ED9A-CC35-4E62-8F30-A6657247E973}.Test|Any CPU.ActiveCfg = Release|Any CPU
		{AEF8ED9A-CC35-4E62-8F30-A6657247E973}.Test|Any CPU.Build.0 = Release|Any CPU
		{ECB0A332-9889-4671-A5C9-31B687F129A1}.Debug|Any CPU.ActiveCfg = Debug|Any CPU
		{ECB0A332-9889-4671-A5C9-31B687F129A1}.Debug|Any CPU.Build.0 = Debug|Any CPU
		{ECB0A332-9889-4671-A5C9-31B687F129A1}.Dev|Any CPU.ActiveCfg = Debug|Any CPU
		{ECB0A332-9889-4671-A5C9-31B687F129A1}.Dev|Any CPU.Build.0 = Debug|Any CPU
		{ECB0A332-9889-4671-A5C9-31B687F129A1}.Release|Any CPU.ActiveCfg = Release|Any CPU
		{ECB0A332-9889-4671-A5C9-31B687F129A1}.Release|Any CPU.Build.0 = Release|Any CPU
		{ECB0A332-9889-4671-A5C9-31B687F129A1}.Test|Any CPU.ActiveCfg = Release|Any CPU
		{ECB0A332-9889-4671-A5C9-31B687F129A1}.Test|Any CPU.Build.0 = Release|Any CPU
		{D82F6A13-8039-4CB0-8330-1E3549314CE9}.Debug|Any CPU.ActiveCfg = Debug|Any CPU
		{D82F6A13-8039-4CB0-8330-1E3549314CE9}.Debug|Any CPU.Build.0 = Debug|Any CPU
		{D82F6A13-8039-4CB0-8330-1E3549314CE9}.Dev|Any CPU.ActiveCfg = Debug|Any CPU
		{D82F6A13-8039-4CB0-8330-1E3549314CE9}.Dev|Any CPU.Build.0 = Debug|Any CPU
		{D82F6A13-8039-4CB0-8330-1E3549314CE9}.Release|Any CPU.ActiveCfg = Release|Any CPU
		{D82F6A13-8039-4CB0-8330-1E3549314CE9}.Release|Any CPU.Build.0 = Release|Any CPU
		{D82F6A13-8039-4CB0-8330-1E3549314CE9}.Test|Any CPU.ActiveCfg = Release|Any CPU
		{D82F6A13-8039-4CB0-8330-1E3549314CE9}.Test|Any CPU.Build.0 = Release|Any CPU
		{CA36373C-C922-4EA1-BAE9-4E14AC606647}.Debug|Any CPU.ActiveCfg = Debug|Any CPU
		{CA36373C-C922-4EA1-BAE9-4E14AC606647}.Debug|Any CPU.Build.0 = Debug|Any CPU
		{CA36373C-C922-4EA1-BAE9-4E14AC606647}.Dev|Any CPU.ActiveCfg = Debug|Any CPU
		{CA36373C-C922-4EA1-BAE9-4E14AC606647}.Dev|Any CPU.Build.0 = Debug|Any CPU
		{CA36373C-C922-4EA1-BAE9-4E14AC606647}.Release|Any CPU.ActiveCfg = Release|Any CPU
		{CA36373C-C922-4EA1-BAE9-4E14AC606647}.Release|Any CPU.Build.0 = Release|Any CPU
		{CA36373C-C922-4EA1-BAE9-4E14AC606647}.Test|Any CPU.ActiveCfg = Release|Any CPU
		{CA36373C-C922-4EA1-BAE9-4E14AC606647}.Test|Any CPU.Build.0 = Release|Any CPU
		{25BDDEAA-173D-439A-9950-9CE75893787F}.Debug|Any CPU.ActiveCfg = Debug|Any CPU
		{25BDDEAA-173D-439A-9950-9CE75893787F}.Debug|Any CPU.Build.0 = Debug|Any CPU
		{25BDDEAA-173D-439A-9950-9CE75893787F}.Dev|Any CPU.ActiveCfg = Debug|Any CPU
		{25BDDEAA-173D-439A-9950-9CE75893787F}.Dev|Any CPU.Build.0 = Debug|Any CPU
		{25BDDEAA-173D-439A-9950-9CE75893787F}.Release|Any CPU.ActiveCfg = Release|Any CPU
		{25BDDEAA-173D-439A-9950-9CE75893787F}.Release|Any CPU.Build.0 = Release|Any CPU
		{25BDDEAA-173D-439A-9950-9CE75893787F}.Test|Any CPU.ActiveCfg = Release|Any CPU
		{25BDDEAA-173D-439A-9950-9CE75893787F}.Test|Any CPU.Build.0 = Release|Any CPU
	EndGlobalSection
	GlobalSection(SolutionProperties) = preSolution
		HideSolutionNode = FALSE
	EndGlobalSection
	GlobalSection(NestedProjects) = preSolution
		{30927C96-7054-49E3-8A35-90C3AED782BF} = {EED4EB24-FED4-444B-81BC-C81F960D6290}
		{11FFA35B-C262-4D76-9C46-BB34474D000B} = {EED4EB24-FED4-444B-81BC-C81F960D6290}
		{3A855739-3B63-4646-8F00-19739D435E22} = {EED4EB24-FED4-444B-81BC-C81F960D6290}
		{CE0A29EB-7D5B-495B-BDB9-AA76D6CD217B} = {37143CB9-412D-4C46-9BAE-67C98AA26B3D}
		{BE024FF3-A2C3-4CE2-A9D4-96CA84907CC7} = {37143CB9-412D-4C46-9BAE-67C98AA26B3D}
		{6E466E77-7993-401E-9E84-683BD30D3A1B} = {37143CB9-412D-4C46-9BAE-67C98AA26B3D}
		{6D735E58-7491-4507-A949-6160A8C4AFFA} = {37143CB9-412D-4C46-9BAE-67C98AA26B3D}
		{BAE48287-EA4D-47C8-90D7-BEEFDCEF6603} = {37143CB9-412D-4C46-9BAE-67C98AA26B3D}
		{9B76ADAB-4EB8-4E02-996D-924D6003E014} = {EED4EB24-FED4-444B-81BC-C81F960D6290}
		{AEF8ED9A-CC35-4E62-8F30-A6657247E973} = {37143CB9-412D-4C46-9BAE-67C98AA26B3D}
		{ECB0A332-9889-4671-A5C9-31B687F129A1} = {EED4EB24-FED4-444B-81BC-C81F960D6290}
		{D82F6A13-8039-4CB0-8330-1E3549314CE9} = {37143CB9-412D-4C46-9BAE-67C98AA26B3D}
		{CA36373C-C922-4EA1-BAE9-4E14AC606647} = {37143CB9-412D-4C46-9BAE-67C98AA26B3D}
		{25BDDEAA-173D-439A-9950-9CE75893787F} = {EED4EB24-FED4-444B-81BC-C81F960D6290}
	EndGlobalSection
	GlobalSection(ExtensibilityGlobals) = postSolution
		SolutionGuid = {FD696830-5CB1-4B38-950E-6C06698412C8}
	EndGlobalSection
EndGlobal
